
Microsoft Visual Studio Solution File, Format Version 12.00
# Visual Studio 2013
Project("{FAE04EC0-301F-11D3-BF4B-00C04F79EFBC}") = "UnityVS.Outpost.CSharp", "UnityVS.Outpost.CSharp.csproj", "{9C8704BE-D72B-9D04-4B25-A2B736C2A198}"
EndProject
Project("{FAE04EC0-301F-11D3-BF4B-00C04F79EFBC}") = "UnityVS.Outpost.CSharp.Editor", "UnityVS.Outpost.CSharp.Editor.csproj", "{ABC8B6B6-5D42-B092-E215-4083603BF48B}"
EndProject
Global
	GlobalSection(SolutionConfigurationPlatforms) = preSolution
		Debug|Any CPU = Debug|Any CPU
		Release|Any CPU = Release|Any CPU
	EndGlobalSection
	GlobalSection(ProjectConfigurationPlatforms) = postSolution
		{9C8704BE-D72B-9D04-4B25-A2B736C2A198}.Debug|Any CPU.ActiveCfg = Debug|Any CPU
		{9C8704BE-D72B-9D04-4B25-A2B736C2A198}.Debug|Any CPU.Build.0 = Debug|Any CPU
		{9C8704BE-D72B-9D04-4B25-A2B736C2A198}.Release|Any CPU.ActiveCfg = Release|Any CPU
		{9C8704BE-D72B-9D04-4B25-A2B736C2A198}.Release|Any CPU.Build.0 = Release|Any CPU
		{ABC8B6B6-5D42-B092-E215-4083603BF48B}.Debug|Any CPU.ActiveCfg = Debug|Any CPU
		{ABC8B6B6-5D42-B092-E215-4083603BF48B}.Debug|Any CPU.Build.0 = Debug|Any CPU
		{ABC8B6B6-5D42-B092-E215-4083603BF48B}.Release|Any CPU.ActiveCfg = Release|Any CPU
		{ABC8B6B6-5D42-B092-E215-4083603BF48B}.Release|Any CPU.Build.0 = Release|Any CPU
	EndGlobalSection
	GlobalSection(SolutionProperties) = preSolution
		HideSolutionNode = FALSE
	EndGlobalSection
EndGlobal
